
Microsoft Visual Studio Solution File, Format Version 12.00
# Visual Studio Version 17
VisualStudioVersion = 17.9.34723.18
MinimumVisualStudioVersion = 10.0.40219.1
Project("{9A19103F-16F7-4668-BE54-9A1E7A4F7556}") = "HackerNews.Api", "HackerNews.Api\HackerNews.Api.csproj", "{C8086A24-BB47-44E9-AAC4-48B714A315DE}"
EndProject
Project("{FAE04EC0-301F-11D3-BF4B-00C04F79EFBC}") = "HackerNews.Api.Tests", "HackerNews.Api.Tests\HackerNews.Api.Tests.csproj", "{FA5531EF-36C3-4BAB-9582-9BDBA9B72940}"
EndProject
Global
	GlobalSection(SolutionConfigurationPlatforms) = preSolution
		Debug|Any CPU = Debug|Any CPU
		Release|Any CPU = Release|Any CPU
	EndGlobalSection
	GlobalSection(ProjectConfigurationPlatforms) = postSolution
		{C8086A24-BB47-44E9-AAC4-48B714A315DE}.Debug|Any CPU.ActiveCfg = Debug|Any CPU
		{C8086A24-BB47-44E9-AAC4-48B714A315DE}.Debug|Any CPU.Build.0 = Debug|Any CPU
		{C8086A24-BB47-44E9-AAC4-48B714A315DE}.Release|Any CPU.ActiveCfg = Release|Any CPU
		{C8086A24-BB47-44E9-AAC4-48B714A315DE}.Release|Any CPU.Build.0 = Release|Any CPU
		{FA5531EF-36C3-4BAB-9582-9BDBA9B72940}.Debug|Any CPU.ActiveCfg = Debug|Any CPU
		{FA5531EF-36C3-4BAB-9582-9BDBA9B72940}.Debug|Any CPU.Build.0 = Debug|Any CPU
		{FA5531EF-36C3-4BAB-9582-9BDBA9B72940}.Release|Any CPU.ActiveCfg = Release|Any CPU
		{FA5531EF-36C3-4BAB-9582-9BDBA9B72940}.Release|Any CPU.Build.0 = Release|Any CPU
	EndGlobalSection
	GlobalSection(SolutionProperties) = preSolution
		HideSolutionNode = FALSE
	EndGlobalSection
	GlobalSection(ExtensibilityGlobals) = postSolution
		SolutionGuid = {8343EE6F-8B54-4A7F-8F3A-02EE7E658520}
	EndGlobalSection
EndGlobal
